
Microsoft Visual Studio Solution File, Format Version 12.00
# Visual Studio Version 17
VisualStudioVersion = 17.8.34511.84
MinimumVisualStudioVersion = 10.0.40219.1
Project("{FAE04EC0-301F-11D3-BF4B-00C04F79EFBC}") = "ECommerce_API", "ECommerce_API\ECommerce_API.csproj", "{31A2D248-BEF2-4AE3-8562-1EA741994C67}"
EndProject
Project("{FAE04EC0-301F-11D3-BF4B-00C04F79EFBC}") = "Entities", "Entities\Entities.csproj", "{4549FDEF-54AC-445C-AA0C-68FA80D13510}"
EndProject
Project("{FAE04EC0-301F-11D3-BF4B-00C04F79EFBC}") = "Interfaces", "Interfaces\Interfaces.csproj", "{93CA2627-902C-47A8-BC80-62E17957642A}"
EndProject
Project("{FAE04EC0-301F-11D3-BF4B-00C04F79EFBC}") = "Services", "Services\Services.csproj", "{818176DB-E3C3-4024-86EA-F9474ADE7F38}"
EndProject
Project("{FAE04EC0-301F-11D3-BF4B-00C04F79EFBC}") = "Repositories", "Repositories\Repositories.csproj", "{20266C04-9F51-499E-A3B8-A58EB2317FBE}"
EndProject
Project("{FAE04EC0-301F-11D3-BF4B-00C04F79EFBC}") = "RepositoryInterfaces", "RepositoryInterfaces\RepositoryInterfaces.csproj", "{A9A94DC8-35DE-4841-AD3D-0D66A63DAB00}"
EndProject
Global
	GlobalSection(SolutionConfigurationPlatforms) = preSolution
		Debug|Any CPU = Debug|Any CPU
		Release|Any CPU = Release|Any CPU
	EndGlobalSection
	GlobalSection(ProjectConfigurationPlatforms) = postSolution
		{31A2D248-BEF2-4AE3-8562-1EA741994C67}.Debug|Any CPU.ActiveCfg = Debug|Any CPU
		{31A2D248-BEF2-4AE3-8562-1EA741994C67}.Debug|Any CPU.Build.0 = Debug|Any CPU
		{31A2D248-BEF2-4AE3-8562-1EA741994C67}.Release|Any CPU.ActiveCfg = Release|Any CPU
		{31A2D248-BEF2-4AE3-8562-1EA741994C67}.Release|Any CPU.Build.0 = Release|Any CPU
		{4549FDEF-54AC-445C-AA0C-68FA80D13510}.Debug|Any CPU.ActiveCfg = Debug|Any CPU
		{4549FDEF-54AC-445C-AA0C-68FA80D13510}.Debug|Any CPU.Build.0 = Debug|Any CPU
		{4549FDEF-54AC-445C-AA0C-68FA80D13510}.Release|Any CPU.ActiveCfg = Release|Any CPU
		{4549FDEF-54AC-445C-AA0C-68FA80D13510}.Release|Any CPU.Build.0 = Release|Any CPU
		{93CA2627-902C-47A8-BC80-62E17957642A}.Debug|Any CPU.ActiveCfg = Debug|Any CPU
		{93CA2627-902C-47A8-BC80-62E17957642A}.Debug|Any CPU.Build.0 = Debug|Any CPU
		{93CA2627-902C-47A8-BC80-62E17957642A}.Release|Any CPU.ActiveCfg = Release|Any CPU
		{93CA2627-902C-47A8-BC80-62E17957642A}.Release|Any CPU.Build.0 = Release|Any CPU
		{818176DB-E3C3-4024-86EA-F9474ADE7F38}.Debug|Any CPU.ActiveCfg = Debug|Any CPU
		{818176DB-E3C3-4024-86EA-F9474ADE7F38}.Debug|Any CPU.Build.0 = Debug|Any CPU
		{818176DB-E3C3-4024-86EA-F9474ADE7F38}.Release|Any CPU.ActiveCfg = Release|Any CPU
		{818176DB-E3C3-4024-86EA-F9474ADE7F38}.Release|Any CPU.Build.0 = Release|Any CPU
		{20266C04-9F51-499E-A3B8-A58EB2317FBE}.Debug|Any CPU.ActiveCfg = Debug|Any CPU
		{20266C04-9F51-499E-A3B8-A58EB2317FBE}.Debug|Any CPU.Build.0 = Debug|Any CPU
		{20266C04-9F51-499E-A3B8-A58EB2317FBE}.Release|Any CPU.ActiveCfg = Release|Any CPU
		{20266C04-9F51-499E-A3B8-A58EB2317FBE}.Release|Any CPU.Build.0 = Release|Any CPU
		{A9A94DC8-35DE-4841-AD3D-0D66A63DAB00}.Debug|Any CPU.ActiveCfg = Debug|Any CPU
		{A9A94DC8-35DE-4841-AD3D-0D66A63DAB00}.Debug|Any CPU.Build.0 = Debug|Any CPU
		{A9A94DC8-35DE-4841-AD3D-0D66A63DAB00}.Release|Any CPU.ActiveCfg = Release|Any CPU
		{A9A94DC8-35DE-4841-AD3D-0D66A63DAB00}.Release|Any CPU.Build.0 = Release|Any CPU
	EndGlobalSection
	GlobalSection(SolutionProperties) = preSolution
		HideSolutionNode = FALSE
	EndGlobalSection
	GlobalSection(ExtensibilityGlobals) = postSolution
		SolutionGuid = {4971DA65-DFDD-46A1-975A-381591C13413}
	EndGlobalSection
EndGlobal
